{
  "name": "lexical-models",
  "version": "1.0.0",
  "lockfileVersion": 2,
  "requires": true,
  "packages": {
    "": {
      "name": "lexical-models",
      "version": "1.0.0",
      "license": "MIT",
      "dependencies": {
        "@keymanapp/kmc": "alpha",
        "@keymanapp/models-types": "alpha",
        "@types/node": "^18.11.18",
        "typescript": "^4.9.5"
      }
    },
    "node_modules/@keymanapp/common-types": {
      "version": "17.0.186-alpha",
      "resolved": "https://registry.npmjs.org/@keymanapp/common-types/-/common-types-17.0.186-alpha.tgz",
      "integrity": "sha512-ssYdHj9y5EejaOALA3wLQTGWkX3UeGizMohZeYNug7/xYBSYZdNePnWW4NiN30gtfnOCfK/U1MAqwvvrrYiNYA==",
      "dependencies": {
        "@keymanapp/keyman-version": "17.0.186-alpha",
        "ajv": "^8.11.0",
        "restructure": "git+https://github.com/keymanapp/dependency-restructure.git#7a188a1e26f8f36a175d95b67ffece8702363dfc",
        "semver": "^7.5.2",
        "xml2js": "git+https://github.com/keymanapp/dependency-node-xml2js.git#535fe732dc408d697e0f847c944cc45f0baf0829"
      }
    },
    "node_modules/@keymanapp/keyman-version": {
      "version": "17.0.186-alpha",
      "resolved": "https://registry.npmjs.org/@keymanapp/keyman-version/-/keyman-version-17.0.186-alpha.tgz",
      "integrity": "sha512-LH9V74wRpwAKm0wk/vtYqaEe/3dn8ylO3bopiavptshXERAJD29jUokvi/8IQLcxTXnf5v6Qsbvx0qQjdGvTLQ=="
    },
    "node_modules/@keymanapp/kmc": {
      "version": "17.0.186-alpha",
      "resolved": "https://registry.npmjs.org/@keymanapp/kmc/-/kmc-17.0.186-alpha.tgz",
      "integrity": "sha512-TOLlNCnJbIy1EnIsUZXtcfGwrMw0fbwhukmdD2OqIujJo3fLI+JI2jwlLd/o4wTJS8rL4gkszTgzF6UEBBvZHQ==",
      "dependencies": {
        "@keymanapp/common-types": "17.0.186-alpha",
        "@keymanapp/keyman-version": "17.0.186-alpha",
        "@keymanapp/kmc-analyze": "17.0.186-alpha",
        "@keymanapp/kmc-keyboard-info": "17.0.186-alpha",
        "@keymanapp/kmc-kmn": "17.0.186-alpha",
        "@keymanapp/kmc-ldml": "17.0.186-alpha",
        "@keymanapp/kmc-model": "17.0.186-alpha",
        "@keymanapp/kmc-model-info": "17.0.186-alpha",
        "@keymanapp/kmc-package": "17.0.186-alpha",
        "@keymanapp/models-types": "17.0.186-alpha",
        "@sentry/node": "^7.57.0",
        "chalk": "^2.4.2",
        "commander": "^10.0.0",
        "supports-color": "^9.4.0"
      },
      "bin": {
        "kmc": "build/src/kmc.js",
        "kmlmc": "build/src/kmlmc.js",
        "kmlmi": "build/src/kmlmi.js",
        "kmlmp": "build/src/kmlmp.js"
      }
    },
    "node_modules/@keymanapp/kmc-analyze": {
      "version": "17.0.186-alpha",
      "resolved": "https://registry.npmjs.org/@keymanapp/kmc-analyze/-/kmc-analyze-17.0.186-alpha.tgz",
      "integrity": "sha512-8Ypj63h/Z7aKTk4Ib7Mtu61zL++6Kk2oiNx4XenCP87BO+2Ze8YcMnB8oD2PYat7z6C5oh3X+6UCwhCS6JxIPw==",
      "dependencies": {
        "@keymanapp/common-types": "17.0.186-alpha",
        "@keymanapp/kmc-kmn": "17.0.186-alpha",
        "commander": "^10.0.0"
      }
    },
    "node_modules/@keymanapp/kmc-keyboard-info": {
      "version": "17.0.186-alpha",
      "resolved": "https://registry.npmjs.org/@keymanapp/kmc-keyboard-info/-/kmc-keyboard-info-17.0.186-alpha.tgz",
      "integrity": "sha512-wkPTAAxP/+KCMQwUiQ8UvS4WZqWHH+t4/SqcaD1hV/exlmrSlRQ1JfUg4SP5htN89vICG+saiGWueqAXt9xzqg==",
      "dependencies": {
        "@keymanapp/common-types": "17.0.186-alpha"
      }
    },
    "node_modules/@keymanapp/kmc-kmn": {
      "version": "17.0.186-alpha",
      "resolved": "https://registry.npmjs.org/@keymanapp/kmc-kmn/-/kmc-kmn-17.0.186-alpha.tgz",
      "integrity": "sha512-Oi3BTWmnk6hnDs/S9sf1KSsb/zfZ30WFrNkf7YE/VOwnW2WaHRkSSQLhL3ujPNNfR5P8OFyBOtzp9+YMOjkBXg==",
      "dependencies": {
        "@keymanapp/keyman-version": "17.0.186-alpha",
        "@keymanapp/kmc-kmn": "17.0.186-alpha"
      }
    },
    "node_modules/@keymanapp/kmc-ldml": {
      "version": "17.0.186-alpha",
      "resolved": "https://registry.npmjs.org/@keymanapp/kmc-ldml/-/kmc-ldml-17.0.186-alpha.tgz",
      "integrity": "sha512-v0ahJH3a64QNATQVxxIm87v7UGmVTJOzQdh0wNmrU2CDDjkhBhVeO0GWQcVSyhlByEFJ79uOvuVjxdUPKuBMmA==",
      "dependencies": {
        "@keymanapp/keyman-version": "17.0.186-alpha",
        "@keymanapp/kmc-kmn": "17.0.186-alpha",
        "@keymanapp/ldml-keyboard-constants": "17.0.186-alpha",
        "ajv": "^8.11.0",
        "restructure": "git+https://github.com/keymanapp/dependency-restructure.git#7a188a1e26f8f36a175d95b67ffece8702363dfc",
        "semver": "^7.5.2",
        "xml2js": "git+https://github.com/keymanapp/dependency-node-xml2js.git#535fe732dc408d697e0f847c944cc45f0baf0829"
      }
    },
    "node_modules/@keymanapp/kmc-model": {
      "version": "17.0.186-alpha",
      "resolved": "https://registry.npmjs.org/@keymanapp/kmc-model/-/kmc-model-17.0.186-alpha.tgz",
      "integrity": "sha512-OHkRQTQVLzrJJbQcmjUKrag1OKFCSVaJWXyYZiPfRbsX1JsxlT8fgHC0hUCfvd5HHSInmzNMs+iBZARZrY1eBg==",
      "dependencies": {
        "@keymanapp/common-types": "17.0.186-alpha",
        "@keymanapp/keyman-version": "17.0.186-alpha",
        "@keymanapp/models-types": "17.0.186-alpha",
        "typescript": "^4.9.5",
        "xml2js": "^0.4.19"
      }
    },
    "node_modules/@keymanapp/kmc-model-info": {
      "version": "17.0.186-alpha",
      "resolved": "https://registry.npmjs.org/@keymanapp/kmc-model-info/-/kmc-model-info-17.0.186-alpha.tgz",
      "integrity": "sha512-xvD50ER85eoNsgB3Jj/bUuR5uepkJi6IA4VKo1AHuOGiZrbwHbzdj2HNBkbbU62hDVMDNU58OnN3m3ltvhIccw==",
      "dependencies": {
        "@keymanapp/common-types": "17.0.186-alpha",
        "@keymanapp/models-types": "17.0.186-alpha"
      }
    },
    "node_modules/@keymanapp/kmc-package": {
      "version": "17.0.186-alpha",
      "resolved": "https://registry.npmjs.org/@keymanapp/kmc-package/-/kmc-package-17.0.186-alpha.tgz",
      "integrity": "sha512-tWNGWlOZB7m1pEQj5MSVZs6IGY5kdg6Wt6OkH3M20yIhBGREhISF8bpsm59trJgcXlr1wzYjDMEJ1baaV+snmw==",
      "dependencies": {
        "@keymanapp/common-types": "17.0.186-alpha",
        "jszip": "^3.7.0"
      }
    },
    "node_modules/@keymanapp/kmc/node_modules/supports-color": {
      "version": "9.4.0",
      "resolved": "https://registry.npmjs.org/supports-color/-/supports-color-9.4.0.tgz",
      "integrity": "sha512-VL+lNrEoIXww1coLPOmiEmK/0sGigko5COxI09KzHc2VJXJsQ37UaQ+8quuxjDeA7+KnLGTWRyOXSLLR2Wb4jw==",
      "engines": {
        "node": ">=12"
      },
      "funding": {
        "url": "https://github.com/chalk/supports-color?sponsor=1"
      }
    },
    "node_modules/@keymanapp/ldml-keyboard-constants": {
      "version": "17.0.186-alpha",
      "resolved": "https://registry.npmjs.org/@keymanapp/ldml-keyboard-constants/-/ldml-keyboard-constants-17.0.186-alpha.tgz",
      "integrity": "sha512-P5CZXlyG5JTGZ3V92fEffH1uI5Vfeg/QLL7MUuoiuZdxsmUMmC/zD6goBpWqIle1LzpRl2v56wTwPrhwID9l9w=="
    },
    "node_modules/@keymanapp/models-types": {
      "version": "17.0.186-alpha",
      "resolved": "https://registry.npmjs.org/@keymanapp/models-types/-/models-types-17.0.186-alpha.tgz",
      "integrity": "sha512-RUsChmA9qoeuyranC2HsN3KXHVwvdK5juwCaCUzyMEzV7SrEm6tYddWz7uU/Uj/JZY/ClivqGcwN6QT3QcD4ZA=="
    },
    "node_modules/@sentry-internal/tracing": {
      "version": "7.73.0",
      "resolved": "https://registry.npmjs.org/@sentry-internal/tracing/-/tracing-7.73.0.tgz",
      "integrity": "sha512-ig3WL/Nqp8nRQ52P205NaypGKNfIl/G+cIqge9xPW6zfRb5kJdM1YParw9GSJ1SPjEZBkBORGAML0on5H2FILw==",
      "dependencies": {
        "@sentry/core": "7.73.0",
        "@sentry/types": "7.73.0",
        "@sentry/utils": "7.73.0",
        "tslib": "^2.4.1 || ^1.9.3"
      },
      "engines": {
        "node": ">=8"
      }
    },
    "node_modules/@sentry/core": {
      "version": "7.73.0",
      "resolved": "https://registry.npmjs.org/@sentry/core/-/core-7.73.0.tgz",
      "integrity": "sha512-9FEz4Gq848LOgVN2OxJGYuQqxv7cIVw69VlAzWHEm3njt8mjvlTq+7UiFsGRo84+59V2FQuHxzA7vVjl90WfSg==",
      "dependencies": {
        "@sentry/types": "7.73.0",
        "@sentry/utils": "7.73.0",
        "tslib": "^2.4.1 || ^1.9.3"
      },
      "engines": {
        "node": ">=8"
      }
    },
    "node_modules/@sentry/node": {
      "version": "7.73.0",
      "resolved": "https://registry.npmjs.org/@sentry/node/-/node-7.73.0.tgz",
      "integrity": "sha512-i50bRfmgkRRx0XXUbg9jGD/RuznDJxJXc4rBILhoJuhl+BjRIaoXA3ayplfJn8JLZxsNh75uJaCq4IUK70SORw==",
      "dependencies": {
        "@sentry-internal/tracing": "7.73.0",
        "@sentry/core": "7.73.0",
        "@sentry/types": "7.73.0",
        "@sentry/utils": "7.73.0",
        "cookie": "^0.5.0",
        "https-proxy-agent": "^5.0.0",
        "lru_map": "^0.3.3",
        "tslib": "^2.4.1 || ^1.9.3"
      },
      "engines": {
        "node": ">=8"
      }
    },
    "node_modules/@sentry/types": {
      "version": "7.73.0",
      "resolved": "https://registry.npmjs.org/@sentry/types/-/types-7.73.0.tgz",
      "integrity": "sha512-/v8++bly8jW7r4cP2wswYiiVpn7eLLcqwnfPUMeCQze4zj3F3nTRIKc9BGHzU0V+fhHa3RwRC2ksqTGq1oJMDg==",
      "engines": {
        "node": ">=8"
      }
    },
    "node_modules/@sentry/utils": {
      "version": "7.73.0",
      "resolved": "https://registry.npmjs.org/@sentry/utils/-/utils-7.73.0.tgz",
      "integrity": "sha512-h3ZK/qpf4k76FhJV9uiSbvMz3V/0Ovy94C+5/9UgPMVCJXFmVsdw8n/dwANJ7LupVPfYP23xFGgebDMFlK1/2w==",
      "dependencies": {
        "@sentry/types": "7.73.0",
        "tslib": "^2.4.1 || ^1.9.3"
      },
      "engines": {
        "node": ">=8"
      }
    },
    "node_modules/@types/node": {
      "version": "18.11.18",
      "resolved": "https://registry.npmjs.org/@types/node/-/node-18.11.18.tgz",
      "integrity": "sha512-DHQpWGjyQKSHj3ebjFI/wRKcqQcdR+MoFBygntYOZytCqNfkd2ZC4ARDJ2DQqhjH5p85Nnd3jhUJIXrszFX/JA=="
    },
    "node_modules/agent-base": {
      "version": "6.0.2",
      "resolved": "https://registry.npmjs.org/agent-base/-/agent-base-6.0.2.tgz",
      "integrity": "sha512-RZNwNclF7+MS/8bDg70amg32dyeZGZxiDuQmZxKLAlQjr3jGyLx+4Kkk58UO7D2QdgFIQCovuSuZESne6RG6XQ==",
      "dependencies": {
        "debug": "4"
      },
      "engines": {
        "node": ">= 6.0.0"
      }
    },
    "node_modules/ajv": {
      "version": "8.12.0",
      "resolved": "https://registry.npmjs.org/ajv/-/ajv-8.12.0.tgz",
      "integrity": "sha512-sRu1kpcO9yLtYxBKvqfTeh9KzZEwO3STyX1HT+4CaDzC6HpTGYhIhPIzj9XuKU7KYDwnaeh5hcOwjy1QuJzBPA==",
      "dependencies": {
        "fast-deep-equal": "^3.1.1",
        "json-schema-traverse": "^1.0.0",
        "require-from-string": "^2.0.2",
        "uri-js": "^4.2.2"
      },
      "funding": {
        "type": "github",
        "url": "https://github.com/sponsors/epoberezkin"
      }
    },
    "node_modules/ansi-styles": {
      "version": "3.2.1",
      "resolved": "https://registry.npmjs.org/ansi-styles/-/ansi-styles-3.2.1.tgz",
      "integrity": "sha512-VT0ZI6kZRdTh8YyJw3SMbYm/u+NqfsAxEpWO0Pf9sq8/e94WxxOpPKx9FR1FlyCtOVDNOQ+8ntlqFxiRc+r5qA==",
      "dependencies": {
        "color-convert": "^1.9.0"
      },
      "engines": {
        "node": ">=4"
      }
    },
    "node_modules/chalk": {
      "version": "2.4.2",
      "resolved": "https://registry.npmjs.org/chalk/-/chalk-2.4.2.tgz",
      "integrity": "sha512-Mti+f9lpJNcwF4tWV8/OrTTtF1gZi+f8FqlyAdouralcFWFQWF2+NgCHShjkCb+IFBLq9buZwE1xckQU4peSuQ==",
      "dependencies": {
        "ansi-styles": "^3.2.1",
        "escape-string-regexp": "^1.0.5",
        "supports-color": "^5.3.0"
      },
      "engines": {
        "node": ">=4"
      }
    },
    "node_modules/color-convert": {
      "version": "1.9.3",
      "resolved": "https://registry.npmjs.org/color-convert/-/color-convert-1.9.3.tgz",
      "integrity": "sha512-QfAUtd+vFdAtFQcC8CCyYt1fYWxSqAiK2cSD6zDB8N3cpsEBAvRxp9zOGg6G/SHHJYAT88/az/IuDGALsNVbGg==",
      "dependencies": {
        "color-name": "1.1.3"
      }
    },
    "node_modules/color-name": {
      "version": "1.1.3",
      "resolved": "https://registry.npmjs.org/color-name/-/color-name-1.1.3.tgz",
      "integrity": "sha1-p9BVi9icQveV3UIyj3QIMcpTvCU="
    },
    "node_modules/commander": {
      "version": "10.0.1",
      "resolved": "https://registry.npmjs.org/commander/-/commander-10.0.1.tgz",
      "integrity": "sha512-y4Mg2tXshplEbSGzx7amzPwKKOCGuoSRP/CjEdwwk0FOGlUbq6lKuoyDZTNZkmxHdJtp54hdfY/JUrdL7Xfdug==",
      "engines": {
        "node": ">=14"
      }
    },
    "node_modules/cookie": {
      "version": "0.5.0",
      "resolved": "https://registry.npmjs.org/cookie/-/cookie-0.5.0.tgz",
      "integrity": "sha512-YZ3GUyn/o8gfKJlnlX7g7xq4gyO6OSuhGPKaaGssGB2qgDUS0gPgtTvoyZLTt9Ab6dC4hfc9dV5arkvc/OCmrw==",
      "engines": {
        "node": ">= 0.6"
      }
    },
    "node_modules/core-util-is": {
      "version": "1.0.3",
      "resolved": "https://registry.npmjs.org/core-util-is/-/core-util-is-1.0.3.tgz",
      "integrity": "sha512-ZQBvi1DcpJ4GDqanjucZ2Hj3wEO5pZDS89BWbkcrvdxksJorwUDDZamX9ldFkp9aw2lmBDLgkObEA4DWNJ9FYQ=="
    },
    "node_modules/debug": {
      "version": "4.3.4",
      "resolved": "https://registry.npmjs.org/debug/-/debug-4.3.4.tgz",
      "integrity": "sha512-PRWFHuSU3eDtQJPvnNY7Jcket1j0t5OuOsFzPPzsekD52Zl8qUfFIPEiswXqIvHWGVHOgX+7G/vCNNhehwxfkQ==",
      "dependencies": {
        "ms": "2.1.2"
      },
      "engines": {
        "node": ">=6.0"
      },
      "peerDependenciesMeta": {
        "supports-color": {
          "optional": true
        }
      }
    },
    "node_modules/escape-string-regexp": {
      "version": "1.0.5",
      "resolved": "https://registry.npmjs.org/escape-string-regexp/-/escape-string-regexp-1.0.5.tgz",
      "integrity": "sha1-G2HAViGQqN/2rjuyzwIAyhMLhtQ=",
      "engines": {
        "node": ">=0.8.0"
      }
    },
    "node_modules/fast-deep-equal": {
      "version": "3.1.3",
      "resolved": "https://registry.npmjs.org/fast-deep-equal/-/fast-deep-equal-3.1.3.tgz",
      "integrity": "sha512-f3qQ9oQy9j2AhBe/H9VC91wLmKBCCU/gDOnKNAYG5hswO7BLKj09Hc5HYNz9cGI++xlpDCIgDaitVs03ATR84Q=="
    },
    "node_modules/has-flag": {
      "version": "3.0.0",
      "resolved": "https://registry.npmjs.org/has-flag/-/has-flag-3.0.0.tgz",
      "integrity": "sha1-tdRU3CGZriJWmfNGfloH87lVuv0=",
      "engines": {
        "node": ">=4"
      }
    },
    "node_modules/https-proxy-agent": {
      "version": "5.0.1",
      "resolved": "https://registry.npmjs.org/https-proxy-agent/-/https-proxy-agent-5.0.1.tgz",
      "integrity": "sha512-dFcAjpTQFgoLMzC2VwU+C/CbS7uRL0lWmxDITmqm7C+7F0Odmj6s9l6alZc6AELXhrnggM2CeWSXHGOdX2YtwA==",
      "dependencies": {
        "agent-base": "6",
        "debug": "4"
      },
      "engines": {
        "node": ">= 6"
      }
    },
    "node_modules/immediate": {
      "version": "3.0.6",
      "resolved": "https://registry.npmjs.org/immediate/-/immediate-3.0.6.tgz",
      "integrity": "sha512-XXOFtyqDjNDAQxVfYxuF7g9Il/IbWmmlQg2MYKOH8ExIT1qg6xc4zyS3HaEEATgs1btfzxq15ciUiY7gjSXRGQ=="
    },
    "node_modules/inherits": {
      "version": "2.0.4",
      "resolved": "https://registry.npmjs.org/inherits/-/inherits-2.0.4.tgz",
      "integrity": "sha512-k/vGaX4/Yla3WzyMCvTQOXYeIHvqOKtnqBduzTHpzpQZzAskKMhZ2K+EnBiSM9zGSoIFeMpXKxa4dYeZIQqewQ=="
    },
    "node_modules/isarray": {
      "version": "1.0.0",
      "resolved": "https://registry.npmjs.org/isarray/-/isarray-1.0.0.tgz",
      "integrity": "sha512-VLghIWNM6ELQzo7zwmcg0NmTVyWKYjvIeM83yjp0wRDTmUnrM678fQbcKBo6n2CJEF0szoG//ytg+TKla89ALQ=="
    },
    "node_modules/json-schema-traverse": {
      "version": "1.0.0",
      "resolved": "https://registry.npmjs.org/json-schema-traverse/-/json-schema-traverse-1.0.0.tgz",
      "integrity": "sha512-NM8/P9n3XjXhIZn1lLhkFaACTOURQXjWhV4BA/RnOv8xvgqtqpAX9IO4mRQxSx1Rlo4tqzeqb0sOlruaOy3dug=="
    },
    "node_modules/jszip": {
      "version": "3.10.1",
      "resolved": "https://registry.npmjs.org/jszip/-/jszip-3.10.1.tgz",
      "integrity": "sha512-xXDvecyTpGLrqFrvkrUSoxxfJI5AH7U8zxxtVclpsUtMCq4JQ290LY8AW5c7Ggnr/Y/oK+bQMbqK2qmtk3pN4g==",
      "dependencies": {
        "lie": "~3.3.0",
        "pako": "~1.0.2",
        "readable-stream": "~2.3.6",
        "setimmediate": "^1.0.5"
      }
    },
    "node_modules/lie": {
      "version": "3.3.0",
      "resolved": "https://registry.npmjs.org/lie/-/lie-3.3.0.tgz",
      "integrity": "sha512-UaiMJzeWRlEujzAuw5LokY1L5ecNQYZKfmyZ9L7wDHb/p5etKaxXhohBcrw0EYby+G/NA52vRSN4N39dxHAIwQ==",
      "dependencies": {
        "immediate": "~3.0.5"
      }
    },
    "node_modules/lru_map": {
      "version": "0.3.3",
      "resolved": "https://registry.npmjs.org/lru_map/-/lru_map-0.3.3.tgz",
      "integrity": "sha512-Pn9cox5CsMYngeDbmChANltQl+5pi6XmTrraMSzhPmMBbmgcxmqWry0U3PGapCU1yB4/LqCcom7qhHZiF/jGfQ=="
    },
    "node_modules/lru-cache": {
      "version": "6.0.0",
      "resolved": "https://registry.npmjs.org/lru-cache/-/lru-cache-6.0.0.tgz",
      "integrity": "sha512-Jo6dJ04CmSjuznwJSS3pUeWmd/H0ffTlkXXgwZi+eq1UCmqQwCh+eLsYOYCwY991i2Fah4h1BEMCx4qThGbsiA==",
      "dependencies": {
        "yallist": "^4.0.0"
      },
      "engines": {
        "node": ">=10"
      }
    },
    "node_modules/ms": {
      "version": "2.1.2",
      "resolved": "https://registry.npmjs.org/ms/-/ms-2.1.2.tgz",
      "integrity": "sha512-sGkPx+VjMtmA6MX27oA4FBFELFCZZ4S4XqeGOXCv68tT+jb3vk/RyaKWP0PTKyWtmLSM0b+adUTEvbs1PEaH2w=="
    },
    "node_modules/pako": {
      "version": "1.0.11",
      "resolved": "https://registry.npmjs.org/pako/-/pako-1.0.11.tgz",
      "integrity": "sha512-4hLB8Py4zZce5s4yd9XzopqwVv/yGNhV1Bl8NTmCq1763HeK2+EwVTv+leGeL13Dnh2wfbqowVPXCIO0z4taYw=="
    },
    "node_modules/process-nextick-args": {
      "version": "2.0.1",
      "resolved": "https://registry.npmjs.org/process-nextick-args/-/process-nextick-args-2.0.1.tgz",
      "integrity": "sha512-3ouUOpQhtgrbOa17J7+uxOTpITYWaGP7/AhoR3+A+/1e9skrzelGi/dXzEYyvbxubEF6Wn2ypscTKiKJFFn1ag=="
    },
    "node_modules/punycode": {
      "version": "2.3.0",
      "resolved": "https://registry.npmjs.org/punycode/-/punycode-2.3.0.tgz",
      "integrity": "sha512-rRV+zQD8tVFys26lAGR9WUuS4iUAngJScM+ZRSKtvl5tKeZ2t5bvdNFdNHBW9FWR4guGHlgmsZ1G7BSm2wTbuA==",
      "engines": {
        "node": ">=6"
      }
    },
    "node_modules/readable-stream": {
      "version": "2.3.8",
      "resolved": "https://registry.npmjs.org/readable-stream/-/readable-stream-2.3.8.tgz",
      "integrity": "sha512-8p0AUk4XODgIewSi0l8Epjs+EVnWiK7NoDIEGU0HhE7+ZyY8D1IMY7odu5lRrFXGg71L15KG8QrPmum45RTtdA==",
      "dependencies": {
        "core-util-is": "~1.0.0",
        "inherits": "~2.0.3",
        "isarray": "~1.0.0",
        "process-nextick-args": "~2.0.0",
        "safe-buffer": "~5.1.1",
        "string_decoder": "~1.1.1",
        "util-deprecate": "~1.0.1"
      }
    },
    "node_modules/require-from-string": {
      "version": "2.0.2",
      "resolved": "https://registry.npmjs.org/require-from-string/-/require-from-string-2.0.2.tgz",
      "integrity": "sha512-Xf0nWe6RseziFMu+Ap9biiUbmplq6S9/p+7w7YXP/JBHhrUDDUhwa+vANyubuqfZWTveU//DYVGsDG7RKL/vEw==",
      "engines": {
        "node": ">=0.10.0"
      }
    },
    "node_modules/restructure": {
      "version": "3.0.0",
      "resolved": "git+ssh://git@github.com/keymanapp/dependency-restructure.git#7a188a1e26f8f36a175d95b67ffece8702363dfc",
      "integrity": "sha512-TxgE+TFgblOfmvJyv9TCzABfDo4nvNHeYD0+awQ5UoE/KhSuENJ1Uhc1rtegx8SbmvI3nqXFaHgnVATNcCOhXw==",
      "license": "MIT"
    },
    "node_modules/safe-buffer": {
      "version": "5.1.2",
      "resolved": "https://registry.npmjs.org/safe-buffer/-/safe-buffer-5.1.2.tgz",
      "integrity": "sha512-Gd2UZBJDkXlY7GbJxfsE8/nvKkUEU1G38c1siN6QP6a9PT9MmHB8GnpscSmMJSoF8LOIrt8ud/wPtojys4G6+g=="
    },
    "node_modules/sax": {
      "version": "1.3.0",
      "resolved": "https://registry.npmjs.org/sax/-/sax-1.3.0.tgz",
      "integrity": "sha512-0s+oAmw9zLl1V1cS9BtZN7JAd0cW5e0QH4W3LWEK6a4LaLEA2OTpGYWDY+6XasBLtz6wkm3u1xRw95mRuJ59WA=="
    },
    "node_modules/semver": {
      "version": "7.5.4",
      "resolved": "https://registry.npmjs.org/semver/-/semver-7.5.4.tgz",
      "integrity": "sha512-1bCSESV6Pv+i21Hvpxp3Dx+pSD8lIPt8uVjRrxAUt/nbswYc+tK6Y2btiULjd4+fnq15PX+nqQDC7Oft7WkwcA==",
      "dependencies": {
        "lru-cache": "^6.0.0"
      },
      "bin": {
        "semver": "bin/semver.js"
      },
      "engines": {
        "node": ">=10"
      }
    },
    "node_modules/setimmediate": {
      "version": "1.0.5",
      "resolved": "https://registry.npmjs.org/setimmediate/-/setimmediate-1.0.5.tgz",
      "integrity": "sha512-MATJdZp8sLqDl/68LfQmbP8zKPLQNV6BIZoIgrscFDQ+RsvK/BxeDQOgyxKKoh0y/8h3BqVFnCqQ/gd+reiIXA=="
    },
    "node_modules/string_decoder": {
      "version": "1.1.1",
      "resolved": "https://registry.npmjs.org/string_decoder/-/string_decoder-1.1.1.tgz",
      "integrity": "sha512-n/ShnvDi6FHbbVfviro+WojiFzv+s8MPMHBczVePfUpDJLwoLT0ht1l4YwBCbi8pJAveEEdnkHyPyTP/mzRfwg==",
      "dependencies": {
        "safe-buffer": "~5.1.0"
      }
    },
    "node_modules/supports-color": {
      "version": "5.5.0",
      "resolved": "https://registry.npmjs.org/supports-color/-/supports-color-5.5.0.tgz",
      "integrity": "sha512-QjVjwdXIt408MIiAqCX4oUKsgU2EqAGzs2Ppkm4aQYbjm+ZEWEcW4SfFNTr4uMNZma0ey4f5lgLrkB0aX0QMow==",
      "dependencies": {
        "has-flag": "^3.0.0"
      },
      "engines": {
        "node": ">=4"
      }
    },
    "node_modules/tslib": {
      "version": "2.6.2",
      "resolved": "https://registry.npmjs.org/tslib/-/tslib-2.6.2.tgz",
      "integrity": "sha512-AEYxH93jGFPn/a2iVAwW87VuUIkR1FVUKB77NwMF7nBTDkDrrT/Hpt/IrCJ0QXhW27jTBDcf5ZY7w6RiqTMw2Q=="
    },
    "node_modules/typescript": {
      "version": "4.9.5",
      "resolved": "https://registry.npmjs.org/typescript/-/typescript-4.9.5.tgz",
      "integrity": "sha512-1FXk9E2Hm+QzZQ7z+McJiHL4NW1F2EzMu9Nq9i3zAaGqibafqYwCVU6WyWAuyQRRzOlxou8xZSyXLEN8oKj24g==",
      "bin": {
        "tsc": "bin/tsc",
        "tsserver": "bin/tsserver"
      },
      "engines": {
        "node": ">=4.2.0"
      }
    },
    "node_modules/uri-js": {
      "version": "4.4.1",
      "resolved": "https://registry.npmjs.org/uri-js/-/uri-js-4.4.1.tgz",
      "integrity": "sha512-7rKUyy33Q1yc98pQ1DAmLtwX109F7TIfWlW1Ydo8Wl1ii1SeHieeh0HHfPeL2fMXK6z0s8ecKs9frCuLJvndBg==",
      "dependencies": {
        "punycode": "^2.1.0"
      }
    },
    "node_modules/util-deprecate": {
      "version": "1.0.2",
      "resolved": "https://registry.npmjs.org/util-deprecate/-/util-deprecate-1.0.2.tgz",
      "integrity": "sha512-EPD5q1uXyFxJpCrLnCc1nHnq3gOa6DZBocAIiI2TaSCA7VCJ1UJDMagCzIkXNsUYfD1daK//LTEQ8xiIbrHtcw=="
    },
    "node_modules/xml2js": {
      "version": "0.4.23",
      "resolved": "git+ssh://git@github.com/keymanapp/dependency-node-xml2js.git#535fe732dc408d697e0f847c944cc45f0baf0829",
      "integrity": "sha512-5CS+yWxp0qg8zO7ng/iXrBZm2FXgpiJ+RJ3E0LzRxDXChESqzazRwzl8sXYe8/7je/NfwG4EXcClaRKUkcIvtQ==",
      "license": "MIT",
      "dependencies": {
        "sax": ">=0.6.0",
        "xmlbuilder": "~11.0.0"
      },
      "engines": {
        "node": ">=4.0.0"
      }
    },
    "node_modules/xmlbuilder": {
      "version": "11.0.1",
      "resolved": "https://registry.npmjs.org/xmlbuilder/-/xmlbuilder-11.0.1.tgz",
      "integrity": "sha512-fDlsI/kFEx7gLvbecc0/ohLG50fugQp8ryHzMTuW9vSa1GJ0XYWKnhsUx7oie3G98+r56aTQIUB4kht42R3JvA==",
      "engines": {
        "node": ">=4.0"
      }
    },
    "node_modules/yallist": {
      "version": "4.0.0",
      "resolved": "https://registry.npmjs.org/yallist/-/yallist-4.0.0.tgz",
      "integrity": "sha512-3wdGidZyq5PB084XLES5TpOSRA3wjXAlIWMhum2kRcv/41Sn2emQ0dycQW4uZXLejwKvg6EsvbdlVL+FYEct7A=="
    }
  },
  "dependencies": {
    "@keymanapp/common-types": {
      "version": "17.0.186-alpha",
      "resolved": "https://registry.npmjs.org/@keymanapp/common-types/-/common-types-17.0.186-alpha.tgz",
      "integrity": "sha512-ssYdHj9y5EejaOALA3wLQTGWkX3UeGizMohZeYNug7/xYBSYZdNePnWW4NiN30gtfnOCfK/U1MAqwvvrrYiNYA==",
      "requires": {
        "@keymanapp/keyman-version": "17.0.186-alpha",
        "ajv": "^8.11.0",
        "restructure": "git+https://github.com/keymanapp/dependency-restructure.git#7a188a1e26f8f36a175d95b67ffece8702363dfc",
        "semver": "^7.5.2",
        "xml2js": "git+https://github.com/keymanapp/dependency-node-xml2js.git#535fe732dc408d697e0f847c944cc45f0baf0829"
      }
    },
    "@keymanapp/keyman-version": {
      "version": "17.0.186-alpha",
      "resolved": "https://registry.npmjs.org/@keymanapp/keyman-version/-/keyman-version-17.0.186-alpha.tgz",
      "integrity": "sha512-LH9V74wRpwAKm0wk/vtYqaEe/3dn8ylO3bopiavptshXERAJD29jUokvi/8IQLcxTXnf5v6Qsbvx0qQjdGvTLQ=="
    },
    "@keymanapp/kmc": {
      "version": "17.0.186-alpha",
      "resolved": "https://registry.npmjs.org/@keymanapp/kmc/-/kmc-17.0.186-alpha.tgz",
      "integrity": "sha512-TOLlNCnJbIy1EnIsUZXtcfGwrMw0fbwhukmdD2OqIujJo3fLI+JI2jwlLd/o4wTJS8rL4gkszTgzF6UEBBvZHQ==",
      "requires": {
        "@keymanapp/common-types": "17.0.186-alpha",
        "@keymanapp/keyman-version": "17.0.186-alpha",
        "@keymanapp/kmc-analyze": "17.0.186-alpha",
        "@keymanapp/kmc-keyboard-info": "17.0.186-alpha",
        "@keymanapp/kmc-kmn": "17.0.186-alpha",
        "@keymanapp/kmc-ldml": "17.0.186-alpha",
        "@keymanapp/kmc-model": "17.0.186-alpha",
        "@keymanapp/kmc-model-info": "17.0.186-alpha",
        "@keymanapp/kmc-package": "17.0.186-alpha",
        "@keymanapp/models-types": "17.0.186-alpha",
        "@sentry/node": "^7.57.0",
        "chalk": "^2.4.2",
        "commander": "^10.0.0",
        "supports-color": "^9.4.0"
      },
      "dependencies": {
        "supports-color": {
          "version": "9.4.0",
          "resolved": "https://registry.npmjs.org/supports-color/-/supports-color-9.4.0.tgz",
          "integrity": "sha512-VL+lNrEoIXww1coLPOmiEmK/0sGigko5COxI09KzHc2VJXJsQ37UaQ+8quuxjDeA7+KnLGTWRyOXSLLR2Wb4jw=="
        }
      }
    },
    "@keymanapp/kmc-analyze": {
      "version": "17.0.186-alpha",
      "resolved": "https://registry.npmjs.org/@keymanapp/kmc-analyze/-/kmc-analyze-17.0.186-alpha.tgz",
      "integrity": "sha512-8Ypj63h/Z7aKTk4Ib7Mtu61zL++6Kk2oiNx4XenCP87BO+2Ze8YcMnB8oD2PYat7z6C5oh3X+6UCwhCS6JxIPw==",
      "requires": {
        "@keymanapp/common-types": "17.0.186-alpha",
        "@keymanapp/kmc-kmn": "17.0.186-alpha",
        "commander": "^10.0.0"
      }
    },
    "@keymanapp/kmc-keyboard-info": {
      "version": "17.0.186-alpha",
      "resolved": "https://registry.npmjs.org/@keymanapp/kmc-keyboard-info/-/kmc-keyboard-info-17.0.186-alpha.tgz",
      "integrity": "sha512-wkPTAAxP/+KCMQwUiQ8UvS4WZqWHH+t4/SqcaD1hV/exlmrSlRQ1JfUg4SP5htN89vICG+saiGWueqAXt9xzqg==",
      "requires": {
        "@keymanapp/common-types": "17.0.186-alpha"
      }
    },
    "@keymanapp/kmc-kmn": {
      "version": "17.0.186-alpha",
      "resolved": "https://registry.npmjs.org/@keymanapp/kmc-kmn/-/kmc-kmn-17.0.186-alpha.tgz",
      "integrity": "sha512-Oi3BTWmnk6hnDs/S9sf1KSsb/zfZ30WFrNkf7YE/VOwnW2WaHRkSSQLhL3ujPNNfR5P8OFyBOtzp9+YMOjkBXg==",
      "requires": {
        "@keymanapp/keyman-version": "17.0.186-alpha",
        "@keymanapp/kmc-kmn": "17.0.186-alpha"
      }
    },
    "@keymanapp/kmc-ldml": {
      "version": "17.0.186-alpha",
      "resolved": "https://registry.npmjs.org/@keymanapp/kmc-ldml/-/kmc-ldml-17.0.186-alpha.tgz",
      "integrity": "sha512-v0ahJH3a64QNATQVxxIm87v7UGmVTJOzQdh0wNmrU2CDDjkhBhVeO0GWQcVSyhlByEFJ79uOvuVjxdUPKuBMmA==",
      "requires": {
        "@keymanapp/keyman-version": "17.0.186-alpha",
        "@keymanapp/kmc-kmn": "17.0.186-alpha",
        "@keymanapp/ldml-keyboard-constants": "17.0.186-alpha",
        "ajv": "^8.11.0",
        "restructure": "git+https://github.com/keymanapp/dependency-restructure.git#7a188a1e26f8f36a175d95b67ffece8702363dfc",
        "semver": "^7.5.2",
        "xml2js": "git+https://github.com/keymanapp/dependency-node-xml2js.git#535fe732dc408d697e0f847c944cc45f0baf0829"
      }
    },
    "@keymanapp/kmc-model": {
      "version": "17.0.186-alpha",
      "resolved": "https://registry.npmjs.org/@keymanapp/kmc-model/-/kmc-model-17.0.186-alpha.tgz",
      "integrity": "sha512-OHkRQTQVLzrJJbQcmjUKrag1OKFCSVaJWXyYZiPfRbsX1JsxlT8fgHC0hUCfvd5HHSInmzNMs+iBZARZrY1eBg==",
      "requires": {
        "@keymanapp/common-types": "17.0.186-alpha",
        "@keymanapp/keyman-version": "17.0.186-alpha",
        "@keymanapp/models-types": "17.0.186-alpha",
        "typescript": "^4.9.5",
        "xml2js": "^0.4.19"
      }
    },
    "@keymanapp/kmc-model-info": {
      "version": "17.0.186-alpha",
      "resolved": "https://registry.npmjs.org/@keymanapp/kmc-model-info/-/kmc-model-info-17.0.186-alpha.tgz",
      "integrity": "sha512-xvD50ER85eoNsgB3Jj/bUuR5uepkJi6IA4VKo1AHuOGiZrbwHbzdj2HNBkbbU62hDVMDNU58OnN3m3ltvhIccw==",
      "requires": {
        "@keymanapp/common-types": "17.0.186-alpha",
        "@keymanapp/models-types": "17.0.186-alpha"
      }
    },
    "@keymanapp/kmc-package": {
      "version": "17.0.186-alpha",
      "resolved": "https://registry.npmjs.org/@keymanapp/kmc-package/-/kmc-package-17.0.186-alpha.tgz",
      "integrity": "sha512-tWNGWlOZB7m1pEQj5MSVZs6IGY5kdg6Wt6OkH3M20yIhBGREhISF8bpsm59trJgcXlr1wzYjDMEJ1baaV+snmw==",
      "requires": {
        "@keymanapp/common-types": "17.0.186-alpha",
        "jszip": "^3.7.0"
      }
    },
    "@keymanapp/ldml-keyboard-constants": {
      "version": "17.0.186-alpha",
      "resolved": "https://registry.npmjs.org/@keymanapp/ldml-keyboard-constants/-/ldml-keyboard-constants-17.0.186-alpha.tgz",
      "integrity": "sha512-P5CZXlyG5JTGZ3V92fEffH1uI5Vfeg/QLL7MUuoiuZdxsmUMmC/zD6goBpWqIle1LzpRl2v56wTwPrhwID9l9w=="
    },
    "@keymanapp/models-types": {
      "version": "17.0.186-alpha",
      "resolved": "https://registry.npmjs.org/@keymanapp/models-types/-/models-types-17.0.186-alpha.tgz",
      "integrity": "sha512-RUsChmA9qoeuyranC2HsN3KXHVwvdK5juwCaCUzyMEzV7SrEm6tYddWz7uU/Uj/JZY/ClivqGcwN6QT3QcD4ZA=="
    },
    "@sentry-internal/tracing": {
      "version": "7.73.0",
      "resolved": "https://registry.npmjs.org/@sentry-internal/tracing/-/tracing-7.73.0.tgz",
      "integrity": "sha512-ig3WL/Nqp8nRQ52P205NaypGKNfIl/G+cIqge9xPW6zfRb5kJdM1YParw9GSJ1SPjEZBkBORGAML0on5H2FILw==",
      "requires": {
        "@sentry/core": "7.73.0",
        "@sentry/types": "7.73.0",
        "@sentry/utils": "7.73.0",
        "tslib": "^2.4.1 || ^1.9.3"
      }
    },
    "@sentry/core": {
      "version": "7.73.0",
      "resolved": "https://registry.npmjs.org/@sentry/core/-/core-7.73.0.tgz",
      "integrity": "sha512-9FEz4Gq848LOgVN2OxJGYuQqxv7cIVw69VlAzWHEm3njt8mjvlTq+7UiFsGRo84+59V2FQuHxzA7vVjl90WfSg==",
      "requires": {
        "@sentry/types": "7.73.0",
        "@sentry/utils": "7.73.0",
        "tslib": "^2.4.1 || ^1.9.3"
      }
    },
    "@sentry/node": {
      "version": "7.73.0",
      "resolved": "https://registry.npmjs.org/@sentry/node/-/node-7.73.0.tgz",
      "integrity": "sha512-i50bRfmgkRRx0XXUbg9jGD/RuznDJxJXc4rBILhoJuhl+BjRIaoXA3ayplfJn8JLZxsNh75uJaCq4IUK70SORw==",
      "requires": {
        "@sentry-internal/tracing": "7.73.0",
        "@sentry/core": "7.73.0",
        "@sentry/types": "7.73.0",
        "@sentry/utils": "7.73.0",
        "cookie": "^0.5.0",
        "https-proxy-agent": "^5.0.0",
        "lru_map": "^0.3.3",
        "tslib": "^2.4.1 || ^1.9.3"
      }
    },
    "@sentry/types": {
      "version": "7.73.0",
      "resolved": "https://registry.npmjs.org/@sentry/types/-/types-7.73.0.tgz",
      "integrity": "sha512-/v8++bly8jW7r4cP2wswYiiVpn7eLLcqwnfPUMeCQze4zj3F3nTRIKc9BGHzU0V+fhHa3RwRC2ksqTGq1oJMDg=="
    },
    "@sentry/utils": {
      "version": "7.73.0",
      "resolved": "https://registry.npmjs.org/@sentry/utils/-/utils-7.73.0.tgz",
      "integrity": "sha512-h3ZK/qpf4k76FhJV9uiSbvMz3V/0Ovy94C+5/9UgPMVCJXFmVsdw8n/dwANJ7LupVPfYP23xFGgebDMFlK1/2w==",
      "requires": {
        "@sentry/types": "7.73.0",
        "tslib": "^2.4.1 || ^1.9.3"
      }
    },
    "@types/node": {
      "version": "18.11.18",
      "resolved": "https://registry.npmjs.org/@types/node/-/node-18.11.18.tgz",
      "integrity": "sha512-DHQpWGjyQKSHj3ebjFI/wRKcqQcdR+MoFBygntYOZytCqNfkd2ZC4ARDJ2DQqhjH5p85Nnd3jhUJIXrszFX/JA=="
    },
    "agent-base": {
      "version": "6.0.2",
      "resolved": "https://registry.npmjs.org/agent-base/-/agent-base-6.0.2.tgz",
      "integrity": "sha512-RZNwNclF7+MS/8bDg70amg32dyeZGZxiDuQmZxKLAlQjr3jGyLx+4Kkk58UO7D2QdgFIQCovuSuZESne6RG6XQ==",
      "requires": {
        "debug": "4"
      }
    },
    "ajv": {
      "version": "8.12.0",
      "resolved": "https://registry.npmjs.org/ajv/-/ajv-8.12.0.tgz",
      "integrity": "sha512-sRu1kpcO9yLtYxBKvqfTeh9KzZEwO3STyX1HT+4CaDzC6HpTGYhIhPIzj9XuKU7KYDwnaeh5hcOwjy1QuJzBPA==",
      "requires": {
        "fast-deep-equal": "^3.1.1",
        "json-schema-traverse": "^1.0.0",
        "require-from-string": "^2.0.2",
        "uri-js": "^4.2.2"
      }
    },
    "ansi-styles": {
      "version": "3.2.1",
      "resolved": "https://registry.npmjs.org/ansi-styles/-/ansi-styles-3.2.1.tgz",
      "integrity": "sha512-VT0ZI6kZRdTh8YyJw3SMbYm/u+NqfsAxEpWO0Pf9sq8/e94WxxOpPKx9FR1FlyCtOVDNOQ+8ntlqFxiRc+r5qA==",
      "requires": {
        "color-convert": "^1.9.0"
      }
    },
    "chalk": {
      "version": "2.4.2",
      "resolved": "https://registry.npmjs.org/chalk/-/chalk-2.4.2.tgz",
      "integrity": "sha512-Mti+f9lpJNcwF4tWV8/OrTTtF1gZi+f8FqlyAdouralcFWFQWF2+NgCHShjkCb+IFBLq9buZwE1xckQU4peSuQ==",
      "requires": {
        "ansi-styles": "^3.2.1",
        "escape-string-regexp": "^1.0.5",
        "supports-color": "^5.3.0"
      }
    },
    "color-convert": {
      "version": "1.9.3",
      "resolved": "https://registry.npmjs.org/color-convert/-/color-convert-1.9.3.tgz",
      "integrity": "sha512-QfAUtd+vFdAtFQcC8CCyYt1fYWxSqAiK2cSD6zDB8N3cpsEBAvRxp9zOGg6G/SHHJYAT88/az/IuDGALsNVbGg==",
      "requires": {
        "color-name": "1.1.3"
      }
    },
    "color-name": {
      "version": "1.1.3",
      "resolved": "https://registry.npmjs.org/color-name/-/color-name-1.1.3.tgz",
      "integrity": "sha1-p9BVi9icQveV3UIyj3QIMcpTvCU="
    },
    "commander": {
      "version": "10.0.1",
      "resolved": "https://registry.npmjs.org/commander/-/commander-10.0.1.tgz",
      "integrity": "sha512-y4Mg2tXshplEbSGzx7amzPwKKOCGuoSRP/CjEdwwk0FOGlUbq6lKuoyDZTNZkmxHdJtp54hdfY/JUrdL7Xfdug=="
    },
    "cookie": {
      "version": "0.5.0",
      "resolved": "https://registry.npmjs.org/cookie/-/cookie-0.5.0.tgz",
      "integrity": "sha512-YZ3GUyn/o8gfKJlnlX7g7xq4gyO6OSuhGPKaaGssGB2qgDUS0gPgtTvoyZLTt9Ab6dC4hfc9dV5arkvc/OCmrw=="
    },
    "core-util-is": {
      "version": "1.0.3",
      "resolved": "https://registry.npmjs.org/core-util-is/-/core-util-is-1.0.3.tgz",
      "integrity": "sha512-ZQBvi1DcpJ4GDqanjucZ2Hj3wEO5pZDS89BWbkcrvdxksJorwUDDZamX9ldFkp9aw2lmBDLgkObEA4DWNJ9FYQ=="
    },
    "debug": {
      "version": "4.3.4",
      "resolved": "https://registry.npmjs.org/debug/-/debug-4.3.4.tgz",
      "integrity": "sha512-PRWFHuSU3eDtQJPvnNY7Jcket1j0t5OuOsFzPPzsekD52Zl8qUfFIPEiswXqIvHWGVHOgX+7G/vCNNhehwxfkQ==",
      "requires": {
        "ms": "2.1.2"
      }
    },
    "escape-string-regexp": {
      "version": "1.0.5",
      "resolved": "https://registry.npmjs.org/escape-string-regexp/-/escape-string-regexp-1.0.5.tgz",
      "integrity": "sha1-G2HAViGQqN/2rjuyzwIAyhMLhtQ="
    },
    "fast-deep-equal": {
      "version": "3.1.3",
      "resolved": "https://registry.npmjs.org/fast-deep-equal/-/fast-deep-equal-3.1.3.tgz",
      "integrity": "sha512-f3qQ9oQy9j2AhBe/H9VC91wLmKBCCU/gDOnKNAYG5hswO7BLKj09Hc5HYNz9cGI++xlpDCIgDaitVs03ATR84Q=="
    },
    "has-flag": {
      "version": "3.0.0",
      "resolved": "https://registry.npmjs.org/has-flag/-/has-flag-3.0.0.tgz",
      "integrity": "sha1-tdRU3CGZriJWmfNGfloH87lVuv0="
    },
    "https-proxy-agent": {
      "version": "5.0.1",
      "resolved": "https://registry.npmjs.org/https-proxy-agent/-/https-proxy-agent-5.0.1.tgz",
      "integrity": "sha512-dFcAjpTQFgoLMzC2VwU+C/CbS7uRL0lWmxDITmqm7C+7F0Odmj6s9l6alZc6AELXhrnggM2CeWSXHGOdX2YtwA==",
      "requires": {
        "agent-base": "6",
        "debug": "4"
      }
    },
    "immediate": {
      "version": "3.0.6",
      "resolved": "https://registry.npmjs.org/immediate/-/immediate-3.0.6.tgz",
      "integrity": "sha512-XXOFtyqDjNDAQxVfYxuF7g9Il/IbWmmlQg2MYKOH8ExIT1qg6xc4zyS3HaEEATgs1btfzxq15ciUiY7gjSXRGQ=="
    },
    "inherits": {
      "version": "2.0.4",
      "resolved": "https://registry.npmjs.org/inherits/-/inherits-2.0.4.tgz",
      "integrity": "sha512-k/vGaX4/Yla3WzyMCvTQOXYeIHvqOKtnqBduzTHpzpQZzAskKMhZ2K+EnBiSM9zGSoIFeMpXKxa4dYeZIQqewQ=="
    },
    "isarray": {
      "version": "1.0.0",
      "resolved": "https://registry.npmjs.org/isarray/-/isarray-1.0.0.tgz",
      "integrity": "sha512-VLghIWNM6ELQzo7zwmcg0NmTVyWKYjvIeM83yjp0wRDTmUnrM678fQbcKBo6n2CJEF0szoG//ytg+TKla89ALQ=="
    },
    "json-schema-traverse": {
      "version": "1.0.0",
      "resolved": "https://registry.npmjs.org/json-schema-traverse/-/json-schema-traverse-1.0.0.tgz",
      "integrity": "sha512-NM8/P9n3XjXhIZn1lLhkFaACTOURQXjWhV4BA/RnOv8xvgqtqpAX9IO4mRQxSx1Rlo4tqzeqb0sOlruaOy3dug=="
    },
    "jszip": {
      "version": "3.10.1",
      "resolved": "https://registry.npmjs.org/jszip/-/jszip-3.10.1.tgz",
      "integrity": "sha512-xXDvecyTpGLrqFrvkrUSoxxfJI5AH7U8zxxtVclpsUtMCq4JQ290LY8AW5c7Ggnr/Y/oK+bQMbqK2qmtk3pN4g==",
      "requires": {
        "lie": "~3.3.0",
        "pako": "~1.0.2",
        "readable-stream": "~2.3.6",
        "setimmediate": "^1.0.5"
      }
    },
    "lie": {
      "version": "3.3.0",
      "resolved": "https://registry.npmjs.org/lie/-/lie-3.3.0.tgz",
      "integrity": "sha512-UaiMJzeWRlEujzAuw5LokY1L5ecNQYZKfmyZ9L7wDHb/p5etKaxXhohBcrw0EYby+G/NA52vRSN4N39dxHAIwQ==",
      "requires": {
        "immediate": "~3.0.5"
      }
    },
    "lru_map": {
      "version": "0.3.3",
      "resolved": "https://registry.npmjs.org/lru_map/-/lru_map-0.3.3.tgz",
      "integrity": "sha512-Pn9cox5CsMYngeDbmChANltQl+5pi6XmTrraMSzhPmMBbmgcxmqWry0U3PGapCU1yB4/LqCcom7qhHZiF/jGfQ=="
    },
    "lru-cache": {
      "version": "6.0.0",
      "resolved": "https://registry.npmjs.org/lru-cache/-/lru-cache-6.0.0.tgz",
      "integrity": "sha512-Jo6dJ04CmSjuznwJSS3pUeWmd/H0ffTlkXXgwZi+eq1UCmqQwCh+eLsYOYCwY991i2Fah4h1BEMCx4qThGbsiA==",
      "requires": {
        "yallist": "^4.0.0"
      }
    },
    "ms": {
      "version": "2.1.2",
      "resolved": "https://registry.npmjs.org/ms/-/ms-2.1.2.tgz",
      "integrity": "sha512-sGkPx+VjMtmA6MX27oA4FBFELFCZZ4S4XqeGOXCv68tT+jb3vk/RyaKWP0PTKyWtmLSM0b+adUTEvbs1PEaH2w=="
    },
    "pako": {
      "version": "1.0.11",
      "resolved": "https://registry.npmjs.org/pako/-/pako-1.0.11.tgz",
      "integrity": "sha512-4hLB8Py4zZce5s4yd9XzopqwVv/yGNhV1Bl8NTmCq1763HeK2+EwVTv+leGeL13Dnh2wfbqowVPXCIO0z4taYw=="
    },
    "process-nextick-args": {
      "version": "2.0.1",
      "resolved": "https://registry.npmjs.org/process-nextick-args/-/process-nextick-args-2.0.1.tgz",
      "integrity": "sha512-3ouUOpQhtgrbOa17J7+uxOTpITYWaGP7/AhoR3+A+/1e9skrzelGi/dXzEYyvbxubEF6Wn2ypscTKiKJFFn1ag=="
    },
    "punycode": {
      "version": "2.3.0",
      "resolved": "https://registry.npmjs.org/punycode/-/punycode-2.3.0.tgz",
      "integrity": "sha512-rRV+zQD8tVFys26lAGR9WUuS4iUAngJScM+ZRSKtvl5tKeZ2t5bvdNFdNHBW9FWR4guGHlgmsZ1G7BSm2wTbuA=="
    },
    "readable-stream": {
      "version": "2.3.8",
      "resolved": "https://registry.npmjs.org/readable-stream/-/readable-stream-2.3.8.tgz",
      "integrity": "sha512-8p0AUk4XODgIewSi0l8Epjs+EVnWiK7NoDIEGU0HhE7+ZyY8D1IMY7odu5lRrFXGg71L15KG8QrPmum45RTtdA==",
      "requires": {
        "core-util-is": "~1.0.0",
        "inherits": "~2.0.3",
        "isarray": "~1.0.0",
        "process-nextick-args": "~2.0.0",
        "safe-buffer": "~5.1.1",
        "string_decoder": "~1.1.1",
        "util-deprecate": "~1.0.1"
      }
    },
    "require-from-string": {
      "version": "2.0.2",
      "resolved": "https://registry.npmjs.org/require-from-string/-/require-from-string-2.0.2.tgz",
      "integrity": "sha512-Xf0nWe6RseziFMu+Ap9biiUbmplq6S9/p+7w7YXP/JBHhrUDDUhwa+vANyubuqfZWTveU//DYVGsDG7RKL/vEw=="
    },
    "restructure": {
      "version": "git+ssh://git@github.com/keymanapp/dependency-restructure.git#7a188a1e26f8f36a175d95b67ffece8702363dfc",
      "integrity": "sha512-TxgE+TFgblOfmvJyv9TCzABfDo4nvNHeYD0+awQ5UoE/KhSuENJ1Uhc1rtegx8SbmvI3nqXFaHgnVATNcCOhXw==",
      "from": "restructure@git+https://github.com/keymanapp/dependency-restructure.git#7a188a1e26f8f36a175d95b67ffece8702363dfc"
    },
    "safe-buffer": {
      "version": "5.1.2",
      "resolved": "https://registry.npmjs.org/safe-buffer/-/safe-buffer-5.1.2.tgz",
      "integrity": "sha512-Gd2UZBJDkXlY7GbJxfsE8/nvKkUEU1G38c1siN6QP6a9PT9MmHB8GnpscSmMJSoF8LOIrt8ud/wPtojys4G6+g=="
    },
    "sax": {
      "version": "1.3.0",
      "resolved": "https://registry.npmjs.org/sax/-/sax-1.3.0.tgz",
      "integrity": "sha512-0s+oAmw9zLl1V1cS9BtZN7JAd0cW5e0QH4W3LWEK6a4LaLEA2OTpGYWDY+6XasBLtz6wkm3u1xRw95mRuJ59WA=="
    },
    "semver": {
      "version": "7.5.4",
      "resolved": "https://registry.npmjs.org/semver/-/semver-7.5.4.tgz",
      "integrity": "sha512-1bCSESV6Pv+i21Hvpxp3Dx+pSD8lIPt8uVjRrxAUt/nbswYc+tK6Y2btiULjd4+fnq15PX+nqQDC7Oft7WkwcA==",
      "requires": {
        "lru-cache": "^6.0.0"
      }
    },
    "setimmediate": {
      "version": "1.0.5",
      "resolved": "https://registry.npmjs.org/setimmediate/-/setimmediate-1.0.5.tgz",
      "integrity": "sha512-MATJdZp8sLqDl/68LfQmbP8zKPLQNV6BIZoIgrscFDQ+RsvK/BxeDQOgyxKKoh0y/8h3BqVFnCqQ/gd+reiIXA=="
    },
    "string_decoder": {
      "version": "1.1.1",
      "resolved": "https://registry.npmjs.org/string_decoder/-/string_decoder-1.1.1.tgz",
      "integrity": "sha512-n/ShnvDi6FHbbVfviro+WojiFzv+s8MPMHBczVePfUpDJLwoLT0ht1l4YwBCbi8pJAveEEdnkHyPyTP/mzRfwg==",
      "requires": {
        "safe-buffer": "~5.1.0"
      }
    },
    "supports-color": {
      "version": "5.5.0",
      "resolved": "https://registry.npmjs.org/supports-color/-/supports-color-5.5.0.tgz",
      "integrity": "sha512-QjVjwdXIt408MIiAqCX4oUKsgU2EqAGzs2Ppkm4aQYbjm+ZEWEcW4SfFNTr4uMNZma0ey4f5lgLrkB0aX0QMow==",
      "requires": {
        "has-flag": "^3.0.0"
      }
    },
    "tslib": {
      "version": "2.6.2",
      "resolved": "https://registry.npmjs.org/tslib/-/tslib-2.6.2.tgz",
      "integrity": "sha512-AEYxH93jGFPn/a2iVAwW87VuUIkR1FVUKB77NwMF7nBTDkDrrT/Hpt/IrCJ0QXhW27jTBDcf5ZY7w6RiqTMw2Q=="
    },
    "typescript": {
      "version": "4.9.5",
      "resolved": "https://registry.npmjs.org/typescript/-/typescript-4.9.5.tgz",
      "integrity": "sha512-1FXk9E2Hm+QzZQ7z+McJiHL4NW1F2EzMu9Nq9i3zAaGqibafqYwCVU6WyWAuyQRRzOlxou8xZSyXLEN8oKj24g=="
    },
    "uri-js": {
      "version": "4.4.1",
      "resolved": "https://registry.npmjs.org/uri-js/-/uri-js-4.4.1.tgz",
      "integrity": "sha512-7rKUyy33Q1yc98pQ1DAmLtwX109F7TIfWlW1Ydo8Wl1ii1SeHieeh0HHfPeL2fMXK6z0s8ecKs9frCuLJvndBg==",
      "requires": {
        "punycode": "^2.1.0"
      }
    },
    "util-deprecate": {
      "version": "1.0.2",
      "resolved": "https://registry.npmjs.org/util-deprecate/-/util-deprecate-1.0.2.tgz",
      "integrity": "sha512-EPD5q1uXyFxJpCrLnCc1nHnq3gOa6DZBocAIiI2TaSCA7VCJ1UJDMagCzIkXNsUYfD1daK//LTEQ8xiIbrHtcw=="
    },
    "xml2js": {
      "version": "git+ssh://git@github.com/keymanapp/dependency-node-xml2js.git#535fe732dc408d697e0f847c944cc45f0baf0829",
      "integrity": "sha512-5CS+yWxp0qg8zO7ng/iXrBZm2FXgpiJ+RJ3E0LzRxDXChESqzazRwzl8sXYe8/7je/NfwG4EXcClaRKUkcIvtQ==",
      "from": "xml2js@git+https://github.com/keymanapp/dependency-node-xml2js.git#535fe732dc408d697e0f847c944cc45f0baf0829",
      "requires": {
        "sax": ">=0.6.0",
        "xmlbuilder": "~11.0.0"
      }
    },
    "xmlbuilder": {
      "version": "11.0.1",
      "resolved": "https://registry.npmjs.org/xmlbuilder/-/xmlbuilder-11.0.1.tgz",
      "integrity": "sha512-fDlsI/kFEx7gLvbecc0/ohLG50fugQp8ryHzMTuW9vSa1GJ0XYWKnhsUx7oie3G98+r56aTQIUB4kht42R3JvA=="
    },
    "yallist": {
      "version": "4.0.0",
      "resolved": "https://registry.npmjs.org/yallist/-/yallist-4.0.0.tgz",
      "integrity": "sha512-3wdGidZyq5PB084XLES5TpOSRA3wjXAlIWMhum2kRcv/41Sn2emQ0dycQW4uZXLejwKvg6EsvbdlVL+FYEct7A=="
    }
  }
}
